
Microsoft Visual Studio Solution File, Format Version 12.00
# Visual Studio Version 17
VisualStudioVersion = 17.5.002.0
MinimumVisualStudioVersion = 10.0.40219.1
Project("{9A19103F-16F7-4668-BE54-9A1E7A4F7556}") = "linear-search", "linear-search.csproj", "{99A2FEC5-1D46-4E51-BB8D-DF947E1B4971}"
EndProject
Global
	GlobalSection(SolutionConfigurationPlatforms) = preSolution
		Debug|Any CPU = Debug|Any CPU
		Release|Any CPU = Release|Any CPU
	EndGlobalSection
	GlobalSection(ProjectConfigurationPlatforms) = postSolution
		{99A2FEC5-1D46-4E51-BB8D-DF947E1B4971}.Debug|Any CPU.ActiveCfg = Debug|Any CPU
		{99A2FEC5-1D46-4E51-BB8D-DF947E1B4971}.Debug|Any CPU.Build.0 = Debug|Any CPU
		{99A2FEC5-1D46-4E51-BB8D-DF947E1B4971}.Release|Any CPU.ActiveCfg = Release|Any CPU
		{99A2FEC5-1D46-4E51-BB8D-DF947E1B4971}.Release|Any CPU.Build.0 = Release|Any CPU
	EndGlobalSection
	GlobalSection(SolutionProperties) = preSolution
		HideSolutionNode = FALSE
	EndGlobalSection
	GlobalSection(ExtensibilityGlobals) = postSolution
		SolutionGuid = {F8954371-4DB5-4110-8829-3489AD71C07C}
	EndGlobalSection
EndGlobal
