
Microsoft Visual Studio Solution File, Format Version 12.00
# Visual Studio Version 17
VisualStudioVersion = 17.5.002.0
MinimumVisualStudioVersion = 10.0.40219.1
Project("{9A19103F-16F7-4668-BE54-9A1E7A4F7556}") = "punnett-square", "punnett-square.csproj", "{BF8DEB1E-B69D-4674-80A0-7F5558D12609}"
EndProject
Global
	GlobalSection(SolutionConfigurationPlatforms) = preSolution
		Debug|Any CPU = Debug|Any CPU
		Release|Any CPU = Release|Any CPU
	EndGlobalSection
	GlobalSection(ProjectConfigurationPlatforms) = postSolution
		{BF8DEB1E-B69D-4674-80A0-7F5558D12609}.Debug|Any CPU.ActiveCfg = Debug|Any CPU
		{BF8DEB1E-B69D-4674-80A0-7F5558D12609}.Debug|Any CPU.Build.0 = Debug|Any CPU
		{BF8DEB1E-B69D-4674-80A0-7F5558D12609}.Release|Any CPU.ActiveCfg = Release|Any CPU
		{BF8DEB1E-B69D-4674-80A0-7F5558D12609}.Release|Any CPU.Build.0 = Release|Any CPU
	EndGlobalSection
	GlobalSection(SolutionProperties) = preSolution
		HideSolutionNode = FALSE
	EndGlobalSection
	GlobalSection(ExtensibilityGlobals) = postSolution
		SolutionGuid = {29CBBCD6-CA59-425B-9A56-DD121676F02E}
	EndGlobalSection
EndGlobal
