
Microsoft Visual Studio Solution File, Format Version 12.00
# Visual Studio Version 17
VisualStudioVersion = 17.5.002.0
MinimumVisualStudioVersion = 10.0.40219.1
Project("{9A19103F-16F7-4668-BE54-9A1E7A4F7556}") = "atm", "atm.csproj", "{683648B0-D0E1-4547-B907-815B1280C280}"
EndProject
Global
	GlobalSection(SolutionConfigurationPlatforms) = preSolution
		Debug|Any CPU = Debug|Any CPU
		Release|Any CPU = Release|Any CPU
	EndGlobalSection
	GlobalSection(ProjectConfigurationPlatforms) = postSolution
		{683648B0-D0E1-4547-B907-815B1280C280}.Debug|Any CPU.ActiveCfg = Debug|Any CPU
		{683648B0-D0E1-4547-B907-815B1280C280}.Debug|Any CPU.Build.0 = Debug|Any CPU
		{683648B0-D0E1-4547-B907-815B1280C280}.Release|Any CPU.ActiveCfg = Release|Any CPU
		{683648B0-D0E1-4547-B907-815B1280C280}.Release|Any CPU.Build.0 = Release|Any CPU
	EndGlobalSection
	GlobalSection(SolutionProperties) = preSolution
		HideSolutionNode = FALSE
	EndGlobalSection
	GlobalSection(ExtensibilityGlobals) = postSolution
		SolutionGuid = {756B19C3-3DF5-4497-8E34-6326D030DDDD}
	EndGlobalSection
EndGlobal
